{
  "object": {
    "pins": [
      {
        "package": "BigInt",
        "repositoryURL": "https://github.com/attaswift/BigInt",
        "state": {
          "branch": "master",
          "revision": "92a077bc2bb9ca38883b1e9c53c76a88ca5fcf18",
          "version": null
        }
      },
      {
        "package": "CryptoSwift",
        "repositoryURL": "https://github.com/krzyzanowskim/CryptoSwift.git",
        "state": {
          "branch": null,
          "revision": "4b0565384d3c4c588af09e660535b2c7c9bf5b39",
          "version": "1.4.2"
        }
      },
      {
        "package": "OpenSSL",
        "repositoryURL": "https://github.com/krzyzanowskim/OpenSSL.git",
        "state": {
          "branch": null,
          "revision": "45545c5729b5597d2d4910a5edd07b1bf42e5839",
          "version": "1.1.1200"
        }
      },
      {
        "package": "secp256k1",
        "repositoryURL": "https://github.com/GigaBitcoin/secp256k1.swift.git",
        "state": {
          "branch": null,
          "revision": "ea3aed158665feb2cb839a0e745fff6b1aad6173",
          "version": "0.3.3"
        }
      },
      {
        "package": "swift-crypto",
        "repositoryURL": "https://github.com/apple/swift-crypto.git",
        "state": {
          "branch": null,
          "revision": "bd5abc2a123349b08a345d7d375db2a5d845ed35",
          "version": "2.0.2"
        }
      }
    ]
  },
  "version": 1
}
